
Microsoft Visual Studio Solution File, Format Version 12.00
# Visual Studio 15
VisualStudioVersion = 15.0.28307.271
MinimumVisualStudioVersion = 10.0.40219.1
Project("{FAE04EC0-301F-11D3-BF4B-00C04F79EFBC}") = "Katas.Code.StaticTesting", "Katas.Code.StaticTesting\Katas.Code.StaticTesting.csproj", "{A036AEAE-DA9A-4193-A3CB-44272BFC2312}"
EndProject
Project("{FAE04EC0-301F-11D3-BF4B-00C04F79EFBC}") = "Katas.Code.StaticTesting.UnitTests", "Katas.Code.StaticTesting.UnitTests\Katas.Code.StaticTesting.UnitTests.csproj", "{49DCB0E4-6DA7-4768-82E4-E7F20FD39483}"
EndProject
Project("{FAE04EC0-301F-11D3-BF4B-00C04F79EFBC}") = "UnitTests", "UnitTests\UnitTests.csproj", "{5AF9FB91-8833-492F-8A35-2B66930B0BC1}"
EndProject
Global
	GlobalSection(SolutionConfigurationPlatforms) = preSolution
		Debug|Any CPU = Debug|Any CPU
		Release|Any CPU = Release|Any CPU
	EndGlobalSection
	GlobalSection(ProjectConfigurationPlatforms) = postSolution
		{A036AEAE-DA9A-4193-A3CB-44272BFC2312}.Debug|Any CPU.ActiveCfg = Debug|Any CPU
		{A036AEAE-DA9A-4193-A3CB-44272BFC2312}.Debug|Any CPU.Build.0 = Debug|Any CPU
		{A036AEAE-DA9A-4193-A3CB-44272BFC2312}.Release|Any CPU.ActiveCfg = Release|Any CPU
		{A036AEAE-DA9A-4193-A3CB-44272BFC2312}.Release|Any CPU.Build.0 = Release|Any CPU
		{49DCB0E4-6DA7-4768-82E4-E7F20FD39483}.Debug|Any CPU.ActiveCfg = Debug|Any CPU
		{49DCB0E4-6DA7-4768-82E4-E7F20FD39483}.Debug|Any CPU.Build.0 = Debug|Any CPU
		{49DCB0E4-6DA7-4768-82E4-E7F20FD39483}.Release|Any CPU.ActiveCfg = Release|Any CPU
		{49DCB0E4-6DA7-4768-82E4-E7F20FD39483}.Release|Any CPU.Build.0 = Release|Any CPU
		{5AF9FB91-8833-492F-8A35-2B66930B0BC1}.Debug|Any CPU.ActiveCfg = Debug|Any CPU
		{5AF9FB91-8833-492F-8A35-2B66930B0BC1}.Debug|Any CPU.Build.0 = Debug|Any CPU
		{5AF9FB91-8833-492F-8A35-2B66930B0BC1}.Release|Any CPU.ActiveCfg = Release|Any CPU
		{5AF9FB91-8833-492F-8A35-2B66930B0BC1}.Release|Any CPU.Build.0 = Release|Any CPU
	EndGlobalSection
	GlobalSection(SolutionProperties) = preSolution
		HideSolutionNode = FALSE
	EndGlobalSection
	GlobalSection(ExtensibilityGlobals) = postSolution
		SolutionGuid = {B24E5D5B-141D-48DC-9AD5-904C52F8BC20}
	EndGlobalSection
EndGlobal
